
Microsoft Visual Studio Solution File, Format Version 12.00
# Visual Studio Version 17
VisualStudioVersion = 17.9.34728.123
MinimumVisualStudioVersion = 10.0.40219.1
Project("{FAE04EC0-301F-11D3-BF4B-00C04F79EFBC}") = "TokenProvider", "TokenProvider\TokenProvider.csproj", "{64F73A42-2CE1-43C1-9026-5D4C99AE1F0D}"
EndProject
Project("{FAE04EC0-301F-11D3-BF4B-00C04F79EFBC}") = "TokenProvider.Infrastructure", "TokenProvider.Infrastructure\TokenProvider.Infrastructure.csproj", "{B59C986F-5B41-4276-87E5-E599D34A0E37}"
EndProject
Global
	GlobalSection(SolutionConfigurationPlatforms) = preSolution
		Debug|Any CPU = Debug|Any CPU
		Release|Any CPU = Release|Any CPU
	EndGlobalSection
	GlobalSection(ProjectConfigurationPlatforms) = postSolution
		{64F73A42-2CE1-43C1-9026-5D4C99AE1F0D}.Debug|Any CPU.ActiveCfg = Debug|Any CPU
		{64F73A42-2CE1-43C1-9026-5D4C99AE1F0D}.Debug|Any CPU.Build.0 = Debug|Any CPU
		{64F73A42-2CE1-43C1-9026-5D4C99AE1F0D}.Release|Any CPU.ActiveCfg = Release|Any CPU
		{64F73A42-2CE1-43C1-9026-5D4C99AE1F0D}.Release|Any CPU.Build.0 = Release|Any CPU
		{B59C986F-5B41-4276-87E5-E599D34A0E37}.Debug|Any CPU.ActiveCfg = Debug|Any CPU
		{B59C986F-5B41-4276-87E5-E599D34A0E37}.Debug|Any CPU.Build.0 = Debug|Any CPU
		{B59C986F-5B41-4276-87E5-E599D34A0E37}.Release|Any CPU.ActiveCfg = Release|Any CPU
		{B59C986F-5B41-4276-87E5-E599D34A0E37}.Release|Any CPU.Build.0 = Release|Any CPU
	EndGlobalSection
	GlobalSection(SolutionProperties) = preSolution
		HideSolutionNode = FALSE
	EndGlobalSection
	GlobalSection(ExtensibilityGlobals) = postSolution
		SolutionGuid = {69544EFD-6E00-4827-B720-34DB78BDAD5F}
	EndGlobalSection
EndGlobal
